
Microsoft Visual Studio Solution File, Format Version 12.00
# Visual Studio Version 17
VisualStudioVersion = 17.0.31612.314
MinimumVisualStudioVersion = 10.0.40219.1
Project("{FAE04EC0-301F-11D3-BF4B-00C04F79EFBC}") = "MilitaryEngineering", "Military Engineering\MilitaryEngineering.csproj", "{BFAC6BEE-48A9-4D19-AB23-2EF8D3D4B6F0}"
EndProject
Project("{FAE04EC0-301F-11D3-BF4B-00C04F79EFBC}") = "CalculationsCore", "CalculationsCore\CalculationsCore.csproj", "{FBCDB1A4-64B0-43BF-95D3-B153E5C4394E}"
EndProject
Project("{FAE04EC0-301F-11D3-BF4B-00C04F79EFBC}") = "CalculationsTest", "CalculationsTest\CalculationsTest.csproj", "{F538E760-4B96-413E-92AE-963CF328D40F}"
EndProject
Project("{FAE04EC0-301F-11D3-BF4B-00C04F79EFBC}") = "MilitaryConfiguration", "MilitaryConfiguration\MilitaryConfiguration.csproj", "{64E862A3-1D1E-4DB3-B116-BBF3284198DF}"
EndProject
Global
	GlobalSection(SolutionConfigurationPlatforms) = preSolution
		Debug|Any CPU = Debug|Any CPU
		Release|Any CPU = Release|Any CPU
	EndGlobalSection
	GlobalSection(ProjectConfigurationPlatforms) = postSolution
		{BFAC6BEE-48A9-4D19-AB23-2EF8D3D4B6F0}.Debug|Any CPU.ActiveCfg = Debug|Any CPU
		{BFAC6BEE-48A9-4D19-AB23-2EF8D3D4B6F0}.Debug|Any CPU.Build.0 = Debug|Any CPU
		{BFAC6BEE-48A9-4D19-AB23-2EF8D3D4B6F0}.Release|Any CPU.ActiveCfg = Release|Any CPU
		{BFAC6BEE-48A9-4D19-AB23-2EF8D3D4B6F0}.Release|Any CPU.Build.0 = Release|Any CPU
		{FBCDB1A4-64B0-43BF-95D3-B153E5C4394E}.Debug|Any CPU.ActiveCfg = Debug|Any CPU
		{FBCDB1A4-64B0-43BF-95D3-B153E5C4394E}.Debug|Any CPU.Build.0 = Debug|Any CPU
		{FBCDB1A4-64B0-43BF-95D3-B153E5C4394E}.Release|Any CPU.ActiveCfg = Release|Any CPU
		{FBCDB1A4-64B0-43BF-95D3-B153E5C4394E}.Release|Any CPU.Build.0 = Release|Any CPU
		{F538E760-4B96-413E-92AE-963CF328D40F}.Debug|Any CPU.ActiveCfg = Debug|Any CPU
		{F538E760-4B96-413E-92AE-963CF328D40F}.Debug|Any CPU.Build.0 = Debug|Any CPU
		{F538E760-4B96-413E-92AE-963CF328D40F}.Release|Any CPU.ActiveCfg = Release|Any CPU
		{F538E760-4B96-413E-92AE-963CF328D40F}.Release|Any CPU.Build.0 = Release|Any CPU
		{64E862A3-1D1E-4DB3-B116-BBF3284198DF}.Debug|Any CPU.ActiveCfg = Debug|Any CPU
		{64E862A3-1D1E-4DB3-B116-BBF3284198DF}.Debug|Any CPU.Build.0 = Debug|Any CPU
		{64E862A3-1D1E-4DB3-B116-BBF3284198DF}.Release|Any CPU.ActiveCfg = Release|Any CPU
		{64E862A3-1D1E-4DB3-B116-BBF3284198DF}.Release|Any CPU.Build.0 = Release|Any CPU
	EndGlobalSection
	GlobalSection(SolutionProperties) = preSolution
		HideSolutionNode = FALSE
	EndGlobalSection
	GlobalSection(ExtensibilityGlobals) = postSolution
		SolutionGuid = {E12E3736-11C5-418C-8684-987093CE638B}
	EndGlobalSection
EndGlobal
